
Microsoft Visual Studio Solution File, Format Version 12.00
# Visual Studio Version 17
VisualStudioVersion = 17.0.32014.148
MinimumVisualStudioVersion = 10.0.40219.1
Project("{FAE04EC0-301F-11D3-BF4B-00C04F79EFBC}") = "WpfApp1", "WpfApp1.csproj", "{73781E93-2299-4B0C-84E3-FDA2F4B6E72B}"
EndProject
Global
	GlobalSection(SolutionConfigurationPlatforms) = preSolution
		Debug|Any CPU = Debug|Any CPU
		Release|Any CPU = Release|Any CPU
	EndGlobalSection
	GlobalSection(ProjectConfigurationPlatforms) = postSolution
		{73781E93-2299-4B0C-84E3-FDA2F4B6E72B}.Debug|Any CPU.ActiveCfg = Debug|Any CPU
		{73781E93-2299-4B0C-84E3-FDA2F4B6E72B}.Debug|Any CPU.Build.0 = Debug|Any CPU
		{73781E93-2299-4B0C-84E3-FDA2F4B6E72B}.Release|Any CPU.ActiveCfg = Release|Any CPU
		{73781E93-2299-4B0C-84E3-FDA2F4B6E72B}.Release|Any CPU.Build.0 = Release|Any CPU
	EndGlobalSection
	GlobalSection(SolutionProperties) = preSolution
		HideSolutionNode = FALSE
	EndGlobalSection
	GlobalSection(ExtensibilityGlobals) = postSolution
		SolutionGuid = {FB77B704-4933-4E3F-A30B-00A6863E697A}
	EndGlobalSection
EndGlobal
